// !$*UTF8*$!
{
	archiveVersion = 1;
	classes = {
	};
	objectVersion = 46;
	objects = {

/* Begin PBXBuildFile section */
		6310F03116C90D5900C29398 /* missing_avatar.png in Resources */ = {isa = PBXBuildFile; fileRef = 6310F03016C90D5900C29398 /* missing_avatar.png */; };
		6338A78F16BFE4F90056EF97 /* UIKit.framework in Frameworks */ = {isa = PBXBuildFile; fileRef = 6338A78E16BFE4F90056EF97 /* UIKit.framework */; };
		6338A79116BFE4F90056EF97 /* Foundation.framework in Frameworks */ = {isa = PBXBuildFile; fileRef = 6338A79016BFE4F90056EF97 /* Foundation.framework */; };
		6338A79316BFE4F90056EF97 /* CoreGraphics.framework in Frameworks */ = {isa = PBXBuildFile; fileRef = 6338A79216BFE4F90056EF97 /* CoreGraphics.framework */; };
		6338A79916BFE4F90056EF97 /* InfoPlist.strings in Resources */ = {isa = PBXBuildFile; fileRef = 6338A79716BFE4F90056EF97 /* InfoPlist.strings */; };
		6338A79B16BFE4F90056EF97 /* main.m in Sources */ = {isa = PBXBuildFile; fileRef = 6338A79A16BFE4F90056EF97 /* main.m */; };
		6338A79F16BFE4F90056EF97 /* AppDelegate.m in Sources */ = {isa = PBXBuildFile; fileRef = 6338A79E16BFE4F90056EF97 /* AppDelegate.m */; };
		6338A7A116BFE4F90056EF97 /* Default.png in Resources */ = {isa = PBXBuildFile; fileRef = 6338A7A016BFE4F90056EF97 /* Default.png */; };
		6338A7A316BFE4F90056EF97 /* Default@2x.png in Resources */ = {isa = PBXBuildFile; fileRef = 6338A7A216BFE4F90056EF97 /* Default@2x.png */; };
		6338A7A516BFE4FA0056EF97 /* Default-568h@2x.png in Resources */ = {isa = PBXBuildFile; fileRef = 6338A7A416BFE4FA0056EF97 /* Default-568h@2x.png */; };
		6338A7A816BFE4FA0056EF97 /* ViewController.m in Sources */ = {isa = PBXBuildFile; fileRef = 6338A7A716BFE4FA0056EF97 /* ViewController.m */; };
		6338A7AB16BFE4FA0056EF97 /* ViewController_iPhone.xib in Resources */ = {isa = PBXBuildFile; fileRef = 6338A7A916BFE4FA0056EF97 /* ViewController_iPhone.xib */; };
		6338A7AE16BFE4FA0056EF97 /* ViewController_iPad.xib in Resources */ = {isa = PBXBuildFile; fileRef = 6338A7AC16BFE4FA0056EF97 /* ViewController_iPad.xib */; };
		6360F0C016C2940F007A8411 /* AutoheightLabel.m in Sources */ = {isa = PBXBuildFile; fileRef = 6360F0BF16C2940F007A8411 /* AutoheightLabel.m */; };
		6360F0C316C2BD9F007A8411 /* schlumpf_papa.jpg in Resources */ = {isa = PBXBuildFile; fileRef = 6360F0C116C2BD9F007A8411 /* schlumpf_papa.jpg */; };
		6360F0C416C2BD9F007A8411 /* schlumpf_schlumpfine.jpg in Resources */ = {isa = PBXBuildFile; fileRef = 6360F0C216C2BD9F007A8411 /* schlumpf_schlumpfine.jpg */; };
		6360F0C716C3BF8A007A8411 /* Contact.m in Sources */ = {isa = PBXBuildFile; fileRef = 6360F0C616C3BF8A007A8411 /* Contact.m */; };
		6360F0C916C50F50007A8411 /* azrael.png in Resources */ = {isa = PBXBuildFile; fileRef = 6360F0C816C50F50007A8411 /* azrael.png */; };
		63C3183316C01D97009A8555 /* UIButton+GlossyRounded.m in Sources */ = {isa = PBXBuildFile; fileRef = 63C3183216C01D97009A8555 /* UIButton+GlossyRounded.m */; };
		63C3183516C01F43009A8555 /* QuartzCore.framework in Frameworks */ = {isa = PBXBuildFile; fileRef = 63C3183416C01F43009A8555 /* QuartzCore.framework */; };
		63C3183816C0366E009A8555 /* ChatController.m in Sources */ = {isa = PBXBuildFile; fileRef = 63C3183716C0366E009A8555 /* ChatController.m */; };
		63C3183B16C04531009A8555 /* ChatMessage.m in Sources */ = {isa = PBXBuildFile; fileRef = 63C3183A16C04531009A8555 /* ChatMessage.m */; };
		63C3183D16C045C8009A8555 /* CoreData.framework in Frameworks */ = {isa = PBXBuildFile; fileRef = 63C3183C16C045C7009A8555 /* CoreData.framework */; };
		63C3184016C0496B009A8555 /* ChatSpikeModel.xcdatamodeld in Sources */ = {isa = PBXBuildFile; fileRef = 63C3183E16C0496B009A8555 /* ChatSpikeModel.xcdatamodeld */; };
		63C3188516C1530E009A8555 /* ChatCell.m in Sources */ = {isa = PBXBuildFile; fileRef = 63C3188416C1530D009A8555 /* ChatCell.m */; };
		63C3188716C156CD009A8555 /* ChatCell.xib in Resources */ = {isa = PBXBuildFile; fileRef = 63C3188616C156CD009A8555 /* ChatCell.xib */; };
/* End PBXBuildFile section */

/* Begin PBXFileReference section */
		6310F03016C90D5900C29398 /* missing_avatar.png */ = {isa = PBXFileReference; lastKnownFileType = image.png; path = missing_avatar.png; sourceTree = "<group>"; };
		6338A78B16BFE4F90056EF97 /* ChatSpike.app */ = {isa = PBXFileReference; explicitFileType = wrapper.application; includeInIndex = 0; path = ChatSpike.app; sourceTree = BUILT_PRODUCTS_DIR; };
		6338A78E16BFE4F90056EF97 /* UIKit.framework */ = {isa = PBXFileReference; lastKnownFileType = wrapper.framework; name = UIKit.framework; path = System/Library/Frameworks/UIKit.framework; sourceTree = SDKROOT; };
		6338A79016BFE4F90056EF97 /* Foundation.framework */ = {isa = PBXFileReference; lastKnownFileType = wrapper.framework; name = Foundation.framework; path = System/Library/Frameworks/Foundation.framework; sourceTree = SDKROOT; };
		6338A79216BFE4F90056EF97 /* CoreGraphics.framework */ = {isa = PBXFileReference; lastKnownFileType = wrapper.framework; name = CoreGraphics.framework; path = System/Library/Frameworks/CoreGraphics.framework; sourceTree = SDKROOT; };
		6338A79616BFE4F90056EF97 /* ChatSpike-Info.plist */ = {isa = PBXFileReference; lastKnownFileType = text.plist.xml; path = "ChatSpike-Info.plist"; sourceTree = "<group>"; };
		6338A79816BFE4F90056EF97 /* en */ = {isa = PBXFileReference; lastKnownFileType = text.plist.strings; name = en; path = en.lproj/InfoPlist.strings; sourceTree = "<group>"; };
		6338A79A16BFE4F90056EF97 /* main.m */ = {isa = PBXFileReference; lastKnownFileType = sourcecode.c.objc; path = main.m; sourceTree = "<group>"; };
		6338A79C16BFE4F90056EF97 /* ChatSpike-Prefix.pch */ = {isa = PBXFileReference; lastKnownFileType = sourcecode.c.h; path = "ChatSpike-Prefix.pch"; sourceTree = "<group>"; };
		6338A79D16BFE4F90056EF97 /* AppDelegate.h */ = {isa = PBXFileReference; lastKnownFileType = sourcecode.c.h; path = AppDelegate.h; sourceTree = "<group>"; };
		6338A79E16BFE4F90056EF97 /* AppDelegate.m */ = {isa = PBXFileReference; lastKnownFileType = sourcecode.c.objc; path = AppDelegate.m; sourceTree = "<group>"; };
		6338A7A016BFE4F90056EF97 /* Default.png */ = {isa = PBXFileReference; lastKnownFileType = image.png; path = Default.png; sourceTree = "<group>"; };
		6338A7A216BFE4F90056EF97 /* Default@2x.png */ = {isa = PBXFileReference; lastKnownFileType = image.png; path = "Default@2x.png"; sourceTree = "<group>"; };
		6338A7A416BFE4FA0056EF97 /* Default-568h@2x.png */ = {isa = PBXFileReference; lastKnownFileType = image.png; path = "Default-568h@2x.png"; sourceTree = "<group>"; };
		6338A7A616BFE4FA0056EF97 /* ViewController.h */ = {isa = PBXFileReference; lastKnownFileType = sourcecode.c.h; path = ViewController.h; sourceTree = "<group>"; };
		6338A7A716BFE4FA0056EF97 /* ViewController.m */ = {isa = PBXFileReference; lastKnownFileType = sourcecode.c.objc; path = ViewController.m; sourceTree = "<group>"; };
		6338A7AA16BFE4FA0056EF97 /* en */ = {isa = PBXFileReference; lastKnownFileType = file.xib; name = en; path = en.lproj/ViewController_iPhone.xib; sourceTree = "<group>"; };
		6338A7AD16BFE4FA0056EF97 /* en */ = {isa = PBXFileReference; lastKnownFileType = file.xib; name = en; path = en.lproj/ViewController_iPad.xib; sourceTree = "<group>"; };
		6360F0BE16C2940F007A8411 /* AutoheightLabel.h */ = {isa = PBXFileReference; fileEncoding = 4; lastKnownFileType = sourcecode.c.h; path = AutoheightLabel.h; sourceTree = "<group>"; };
		6360F0BF16C2940F007A8411 /* AutoheightLabel.m */ = {isa = PBXFileReference; fileEncoding = 4; lastKnownFileType = sourcecode.c.objc; path = AutoheightLabel.m; sourceTree = "<group>"; };
		6360F0C116C2BD9F007A8411 /* schlumpf_papa.jpg */ = {isa = PBXFileReference; lastKnownFileType = image.jpeg; path = schlumpf_papa.jpg; sourceTree = "<group>"; };
		6360F0C216C2BD9F007A8411 /* schlumpf_schlumpfine.jpg */ = {isa = PBXFileReference; lastKnownFileType = image.jpeg; path = schlumpf_schlumpfine.jpg; sourceTree = "<group>"; };
		6360F0C516C3BF8A007A8411 /* Contact.h */ = {isa = PBXFileReference; fileEncoding = 4; lastKnownFileType = sourcecode.c.h; path = Contact.h; sourceTree = "<group>"; };
		6360F0C616C3BF8A007A8411 /* Contact.m */ = {isa = PBXFileReference; fileEncoding = 4; lastKnownFileType = sourcecode.c.objc; path = Contact.m; sourceTree = "<group>"; };
		6360F0C816C50F50007A8411 /* azrael.png */ = {isa = PBXFileReference; lastKnownFileType = image.png; path = azrael.png; sourceTree = "<group>"; };
		63C3183116C01D97009A8555 /* UIButton+GlossyRounded.h */ = {isa = PBXFileReference; fileEncoding = 4; lastKnownFileType = sourcecode.c.h; name = "UIButton+GlossyRounded.h"; path = "ChatSpike/Helpers/UIButton+GlossyRounded.h"; sourceTree = "<group>"; };
		63C3183216C01D97009A8555 /* UIButton+GlossyRounded.m */ = {isa = PBXFileReference; fileEncoding = 4; lastKnownFileType = sourcecode.c.objc; name = "UIButton+GlossyRounded.m"; path = "ChatSpike/Helpers/UIButton+GlossyRounded.m"; sourceTree = "<group>"; };
		63C3183416C01F43009A8555 /* QuartzCore.framework */ = {isa = PBXFileReference; lastKnownFileType = wrapper.framework; name = QuartzCore.framework; path = System/Library/Frameworks/QuartzCore.framework; sourceTree = SDKROOT; };
		63C3183616C0366E009A8555 /* ChatController.h */ = {isa = PBXFileReference; fileEncoding = 4; lastKnownFileType = sourcecode.c.h; path = ChatController.h; sourceTree = "<group>"; };
		63C3183716C0366E009A8555 /* ChatController.m */ = {isa = PBXFileReference; fileEncoding = 4; lastKnownFileType = sourcecode.c.objc; path = ChatController.m; sourceTree = "<group>"; };
		63C3183916C04531009A8555 /* ChatMessage.h */ = {isa = PBXFileReference; fileEncoding = 4; lastKnownFileType = sourcecode.c.h; path = ChatMessage.h; sourceTree = "<group>"; };
		63C3183A16C04531009A8555 /* ChatMessage.m */ = {isa = PBXFileReference; fileEncoding = 4; lastKnownFileType = sourcecode.c.objc; path = ChatMessage.m; sourceTree = "<group>"; };
		63C3183C16C045C7009A8555 /* CoreData.framework */ = {isa = PBXFileReference; lastKnownFileType = wrapper.framework; name = CoreData.framework; path = System/Library/Frameworks/CoreData.framework; sourceTree = SDKROOT; };
		63C3183F16C0496B009A8555 /* ChatSpikeModel.xcdatamodel */ = {isa = PBXFileReference; lastKnownFileType = wrapper.xcdatamodel; path = ChatSpikeModel.xcdatamodel; sourceTree = "<group>"; };
		63C3188316C1530D009A8555 /* ChatCell.h */ = {isa = PBXFileReference; fileEncoding = 4; lastKnownFileType = sourcecode.c.h; path = ChatCell.h; sourceTree = "<group>"; };
		63C3188416C1530D009A8555 /* ChatCell.m */ = {isa = PBXFileReference; fileEncoding = 4; lastKnownFileType = sourcecode.c.objc; path = ChatCell.m; sourceTree = "<group>"; };
		63C3188616C156CD009A8555 /* ChatCell.xib */ = {isa = PBXFileReference; fileEncoding = 4; lastKnownFileType = file.xib; path = ChatCell.xib; sourceTree = "<group>"; };
/* End PBXFileReference section */

/* Begin PBXFrameworksBuildPhase section */
		6338A78816BFE4F90056EF97 /* Frameworks */ = {
			isa = PBXFrameworksBuildPhase;
			buildActionMask = 2147483647;
			files = (
				63C3183D16C045C8009A8555 /* CoreData.framework in Frameworks */,
				63C3183516C01F43009A8555 /* QuartzCore.framework in Frameworks */,
				6338A78F16BFE4F90056EF97 /* UIKit.framework in Frameworks */,
				6338A79116BFE4F90056EF97 /* Foundation.framework in Frameworks */,
				6338A79316BFE4F90056EF97 /* CoreGraphics.framework in Frameworks */,
			);
			runOnlyForDeploymentPostprocessing = 0;
		};
/* End PBXFrameworksBuildPhase section */

/* Begin PBXGroup section */
		6338A78216BFE4F90056EF97 = {
			isa = PBXGroup;
			children = (
				6338A79416BFE4F90056EF97 /* ChatSpike */,
				6338A78D16BFE4F90056EF97 /* Frameworks */,
				6338A78C16BFE4F90056EF97 /* Products */,
			);
			sourceTree = "<group>";
		};
		6338A78C16BFE4F90056EF97 /* Products */ = {
			isa = PBXGroup;
			children = (
				6338A78B16BFE4F90056EF97 /* ChatSpike.app */,
			);
			name = Products;
			sourceTree = "<group>";
		};
		6338A78D16BFE4F90056EF97 /* Frameworks */ = {
			isa = PBXGroup;
			children = (
				63C3183C16C045C7009A8555 /* CoreData.framework */,
				6338A79216BFE4F90056EF97 /* CoreGraphics.framework */,
				6338A79016BFE4F90056EF97 /* Foundation.framework */,
				63C3183416C01F43009A8555 /* QuartzCore.framework */,
				6338A78E16BFE4F90056EF97 /* UIKit.framework */,
			);
			name = Frameworks;
			sourceTree = "<group>";
		};
		6338A79416BFE4F90056EF97 /* ChatSpike */ = {
			isa = PBXGroup;
			children = (
				6310F03016C90D5900C29398 /* missing_avatar.png */,
				6360F0C816C50F50007A8411 /* azrael.png */,
				6360F0C116C2BD9F007A8411 /* schlumpf_papa.jpg */,
				6360F0C216C2BD9F007A8411 /* schlumpf_schlumpfine.jpg */,
				6338A79D16BFE4F90056EF97 /* AppDelegate.h */,
				6338A79E16BFE4F90056EF97 /* AppDelegate.m */,
				6360F0BE16C2940F007A8411 /* AutoheightLabel.h */,
				6360F0BF16C2940F007A8411 /* AutoheightLabel.m */,
				63C3188316C1530D009A8555 /* ChatCell.h */,
				63C3188416C1530D009A8555 /* ChatCell.m */,
				63C3188616C156CD009A8555 /* ChatCell.xib */,
				63C3183616C0366E009A8555 /* ChatController.h */,
				63C3183716C0366E009A8555 /* ChatController.m */,
				63C3183916C04531009A8555 /* ChatMessage.h */,
				63C3183A16C04531009A8555 /* ChatMessage.m */,
				63C3183E16C0496B009A8555 /* ChatSpikeModel.xcdatamodeld */,
				6360F0C516C3BF8A007A8411 /* Contact.h */,
				6360F0C616C3BF8A007A8411 /* Contact.m */,
				6338A7A616BFE4FA0056EF97 /* ViewController.h */,
				6338A7A716BFE4FA0056EF97 /* ViewController.m */,
				6338A7AC16BFE4FA0056EF97 /* ViewController_iPad.xib */,
				6338A7A916BFE4FA0056EF97 /* ViewController_iPhone.xib */,
				63C3183016C01D20009A8555 /* Helpers */,
				6338A79516BFE4F90056EF97 /* Supporting Files */,
			);
			path = ChatSpike;
			sourceTree = "<group>";
		};
		6338A79516BFE4F90056EF97 /* Supporting Files */ = {
			isa = PBXGroup;
			children = (
				6338A79616BFE4F90056EF97 /* ChatSpike-Info.plist */,
				6338A79716BFE4F90056EF97 /* InfoPlist.strings */,
				6338A79A16BFE4F90056EF97 /* main.m */,
				6338A79C16BFE4F90056EF97 /* ChatSpike-Prefix.pch */,
				6338A7A016BFE4F90056EF97 /* Default.png */,
				6338A7A216BFE4F90056EF97 /* Default@2x.png */,
				6338A7A416BFE4FA0056EF97 /* Default-568h@2x.png */,
			);
			name = "Supporting Files";
			sourceTree = "<group>";
		};
		63C3183016C01D20009A8555 /* Helpers */ = {
			isa = PBXGroup;
			children = (
				63C3183116C01D97009A8555 /* UIButton+GlossyRounded.h */,
				63C3183216C01D97009A8555 /* UIButton+GlossyRounded.m */,
			);
			name = Helpers;
			path = ..;
			sourceTree = "<group>";
		};
/* End PBXGroup section */

/* Begin PBXNativeTarget section */
		6338A78A16BFE4F90056EF97 /* ChatSpike */ = {
			isa = PBXNativeTarget;
			buildConfigurationList = 6338A7B116BFE4FA0056EF97 /* Build configuration list for PBXNativeTarget "ChatSpike" */;
			buildPhases = (
				6338A78716BFE4F90056EF97 /* Sources */,
				6338A78816BFE4F90056EF97 /* Frameworks */,
				6338A78916BFE4F90056EF97 /* Resources */,
			);
			buildRules = (
			);
			dependencies = (
			);
			name = ChatSpike;
			productName = ChatSpike;
			productReference = 6338A78B16BFE4F90056EF97 /* ChatSpike.app */;
			productType = "com.apple.product-type.application";
		};
/* End PBXNativeTarget section */

/* Begin PBXProject section */
		6338A78316BFE4F90056EF97 /* Project object */ = {
			isa = PBXProject;
			attributes = {
				LastUpgradeCheck = 0460;
				ORGANIZATIONNAME = "Hoccer GmbH";
			};
			buildConfigurationList = 6338A78616BFE4F90056EF97 /* Build configuration list for PBXProject "ChatSpike" */;
			compatibilityVersion = "Xcode 3.2";
			developmentRegion = English;
			hasScannedForEncodings = 0;
			knownRegions = (
				en,
			);
			mainGroup = 6338A78216BFE4F90056EF97;
			productRefGroup = 6338A78C16BFE4F90056EF97 /* Products */;
			projectDirPath = "";
			projectRoot = "";
			targets = (
				6338A78A16BFE4F90056EF97 /* ChatSpike */,
			);
		};
/* End PBXProject section */

/* Begin PBXResourcesBuildPhase section */
		6338A78916BFE4F90056EF97 /* Resources */ = {
			isa = PBXResourcesBuildPhase;
			buildActionMask = 2147483647;
			files = (
				6338A79916BFE4F90056EF97 /* InfoPlist.strings in Resources */,
				6338A7A116BFE4F90056EF97 /* Default.png in Resources */,
				6338A7A316BFE4F90056EF97 /* Default@2x.png in Resources */,
				6338A7A516BFE4FA0056EF97 /* Default-568h@2x.png in Resources */,
				6338A7AB16BFE4FA0056EF97 /* ViewController_iPhone.xib in Resources */,
				6338A7AE16BFE4FA0056EF97 /* ViewController_iPad.xib in Resources */,
				63C3188716C156CD009A8555 /* ChatCell.xib in Resources */,
				6360F0C316C2BD9F007A8411 /* schlumpf_papa.jpg in Resources */,
				6360F0C416C2BD9F007A8411 /* schlumpf_schlumpfine.jpg in Resources */,
				6360F0C916C50F50007A8411 /* azrael.png in Resources */,
				6310F03116C90D5900C29398 /* missing_avatar.png in Resources */,
			);
			runOnlyForDeploymentPostprocessing = 0;
		};
/* End PBXResourcesBuildPhase section */

/* Begin PBXSourcesBuildPhase section */
		6338A78716BFE4F90056EF97 /* Sources */ = {
			isa = PBXSourcesBuildPhase;
			buildActionMask = 2147483647;
			files = (
				6338A79B16BFE4F90056EF97 /* main.m in Sources */,
				6338A79F16BFE4F90056EF97 /* AppDelegate.m in Sources */,
				6338A7A816BFE4FA0056EF97 /* ViewController.m in Sources */,
				63C3183316C01D97009A8555 /* UIButton+GlossyRounded.m in Sources */,
				63C3183816C0366E009A8555 /* ChatController.m in Sources */,
				63C3183B16C04531009A8555 /* ChatMessage.m in Sources */,
				63C3184016C0496B009A8555 /* ChatSpikeModel.xcdatamodeld in Sources */,
				63C3188516C1530E009A8555 /* ChatCell.m in Sources */,
				6360F0C016C2940F007A8411 /* AutoheightLabel.m in Sources */,
				6360F0C716C3BF8A007A8411 /* Contact.m in Sources */,
			);
			runOnlyForDeploymentPostprocessing = 0;
		};
/* End PBXSourcesBuildPhase section */

/* Begin PBXVariantGroup section */
		6338A79716BFE4F90056EF97 /* InfoPlist.strings */ = {
			isa = PBXVariantGroup;
			children = (
				6338A79816BFE4F90056EF97 /* en */,
			);
			name = InfoPlist.strings;
			sourceTree = "<group>";
		};
		6338A7A916BFE4FA0056EF97 /* ViewController_iPhone.xib */ = {
			isa = PBXVariantGroup;
			children = (
				6338A7AA16BFE4FA0056EF97 /* en */,
			);
			name = ViewController_iPhone.xib;
			sourceTree = "<group>";
		};
		6338A7AC16BFE4FA0056EF97 /* ViewController_iPad.xib */ = {
			isa = PBXVariantGroup;
			children = (
				6338A7AD16BFE4FA0056EF97 /* en */,
			);
			name = ViewController_iPad.xib;
			sourceTree = "<group>";
		};
/* End PBXVariantGroup section */

/* Begin XCBuildConfiguration section */
		6338A7AF16BFE4FA0056EF97 /* Debug */ = {
			isa = XCBuildConfiguration;
			buildSettings = {
				ALWAYS_SEARCH_USER_PATHS = NO;
				CLANG_CXX_LANGUAGE_STANDARD = "gnu++0x";
				CLANG_CXX_LIBRARY = "libc++";
				CLANG_ENABLE_OBJC_ARC = YES;
				CLANG_WARN_CONSTANT_CONVERSION = YES;
				CLANG_WARN_EMPTY_BODY = YES;
				CLANG_WARN_ENUM_CONVERSION = YES;
				CLANG_WARN_INT_CONVERSION = YES;
				CLANG_WARN__DUPLICATE_METHOD_MATCH = YES;
				"CODE_SIGN_IDENTITY[sdk=iphoneos*]" = "iPhone Developer";
				COPY_PHASE_STRIP = NO;
				GCC_C_LANGUAGE_STANDARD = gnu99;
				GCC_DYNAMIC_NO_PIC = NO;
				GCC_OPTIMIZATION_LEVEL = 0;
				GCC_PREPROCESSOR_DEFINITIONS = (
					"DEBUG=1",
					"$(inherited)",
				);
				GCC_SYMBOLS_PRIVATE_EXTERN = NO;
				GCC_WARN_ABOUT_RETURN_TYPE = YES;
				GCC_WARN_UNINITIALIZED_AUTOS = YES;
				GCC_WARN_UNUSED_VARIABLE = YES;
				IPHONEOS_DEPLOYMENT_TARGET = 6.1;
				ONLY_ACTIVE_ARCH = YES;
				SDKROOT = iphoneos;
				TARGETED_DEVICE_FAMILY = "1,2";
			};
			name = Debug;
		};
		6338A7B016BFE4FA0056EF97 /* Release */ = {
			isa = XCBuildConfiguration;
			buildSettings = {
				ALWAYS_SEARCH_USER_PATHS = NO;
				CLANG_CXX_LANGUAGE_STANDARD = "gnu++0x";
				CLANG_CXX_LIBRARY = "libc++";
				CLANG_ENABLE_OBJC_ARC = YES;
				CLANG_WARN_CONSTANT_CONVERSION = YES;
				CLANG_WARN_EMPTY_BODY = YES;
				CLANG_WARN_ENUM_CONVERSION = YES;
				CLANG_WARN_INT_CONVERSION = YES;
				CLANG_WARN__DUPLICATE_METHOD_MATCH = YES;
				"CODE_SIGN_IDENTITY[sdk=iphoneos*]" = "iPhone Developer";
				COPY_PHASE_STRIP = YES;
				GCC_C_LANGUAGE_STANDARD = gnu99;
				GCC_WARN_ABOUT_RETURN_TYPE = YES;
				GCC_WARN_UNINITIALIZED_AUTOS = YES;
				GCC_WARN_UNUSED_VARIABLE = YES;
				IPHONEOS_DEPLOYMENT_TARGET = 6.1;
				OTHER_CFLAGS = "-DNS_BLOCK_ASSERTIONS=1";
				SDKROOT = iphoneos;
				TARGETED_DEVICE_FAMILY = "1,2";
				VALIDATE_PRODUCT = YES;
			};
			name = Release;
		};
		6338A7B216BFE4FA0056EF97 /* Debug */ = {
			isa = XCBuildConfiguration;
			buildSettings = {
				GCC_PRECOMPILE_PREFIX_HEADER = YES;
				GCC_PREFIX_HEADER = "ChatSpike/ChatSpike-Prefix.pch";
				INFOPLIST_FILE = "ChatSpike/ChatSpike-Info.plist";
				PRODUCT_NAME = "$(TARGET_NAME)";
				WRAPPER_EXTENSION = app;
			};
			name = Debug;
		};
		6338A7B316BFE4FA0056EF97 /* Release */ = {
			isa = XCBuildConfiguration;
			buildSettings = {
				GCC_PRECOMPILE_PREFIX_HEADER = YES;
				GCC_PREFIX_HEADER = "ChatSpike/ChatSpike-Prefix.pch";
				INFOPLIST_FILE = "ChatSpike/ChatSpike-Info.plist";
				PRODUCT_NAME = "$(TARGET_NAME)";
				WRAPPER_EXTENSION = app;
			};
			name = Release;
		};
/* End XCBuildConfiguration section */

/* Begin XCConfigurationList section */
		6338A78616BFE4F90056EF97 /* Build configuration list for PBXProject "ChatSpike" */ = {
			isa = XCConfigurationList;
			buildConfigurations = (
				6338A7AF16BFE4FA0056EF97 /* Debug */,
				6338A7B016BFE4FA0056EF97 /* Release */,
			);
			defaultConfigurationIsVisible = 0;
			defaultConfigurationName = Release;
		};
		6338A7B116BFE4FA0056EF97 /* Build configuration list for PBXNativeTarget "ChatSpike" */ = {
			isa = XCConfigurationList;
			buildConfigurations = (
				6338A7B216BFE4FA0056EF97 /* Debug */,
				6338A7B316BFE4FA0056EF97 /* Release */,
			);
			defaultConfigurationIsVisible = 0;
			defaultConfigurationName = Release;
		};
/* End XCConfigurationList section */

/* Begin XCVersionGroup section */
		63C3183E16C0496B009A8555 /* ChatSpikeModel.xcdatamodeld */ = {
			isa = XCVersionGroup;
			children = (
				63C3183F16C0496B009A8555 /* ChatSpikeModel.xcdatamodel */,
			);
			currentVersion = 63C3183F16C0496B009A8555 /* ChatSpikeModel.xcdatamodel */;
			path = ChatSpikeModel.xcdatamodeld;
			sourceTree = "<group>";
			versionGroupType = wrapper.xcdatamodel;
		};
/* End XCVersionGroup section */
	};
	rootObject = 6338A78316BFE4F90056EF97 /* Project object */;
}
