<?xml version="1.0" encoding="UTF-8"?>
<Scheme
   LastUpgradeVersion = "0500"
   version = "1.3">
   <BuildAction
      parallelizeBuildables = "YES"
      buildImplicitDependencies = "YES">
      <BuildActionEntries>
         <BuildActionEntry
            buildForTesting = "YES"
            buildForRunning = "YES"
            buildForProfiling = "YES"
            buildForArchiving = "YES"
            buildForAnalyzing = "YES">
            <BuildableReference
               BuildableIdentifier = "primary"
               BlueprintIdentifier = "63AEE2D316CA4D0200522F92"
               BuildableName = "Hoccer XO.app"
               BlueprintName = "HoccerXO"
               ReferencedContainer = "container:HoccerXO.xcodeproj">
            </BuildableReference>
         </BuildActionEntry>
      </BuildActionEntries>
   </BuildAction>
   <TestAction
      selectedDebuggerIdentifier = "Xcode.DebuggerFoundation.Debugger.LLDB"
      selectedLauncherIdentifier = "Xcode.DebuggerFoundation.Launcher.LLDB"
      shouldUseLaunchSchemeArgsEnv = "YES"
      buildConfiguration = "Debug">
      <Testables>
         <TestableReference
            skipped = "NO">
            <BuildableReference
               BuildableIdentifier = "primary"
               BlueprintIdentifier = "6302A99B18DA89F700B2D04F"
               BuildableName = "SRP Tests.xctest"
               BlueprintName = "SRP Tests"
               ReferencedContainer = "container:HoccerXO.xcodeproj">
            </BuildableReference>
         </TestableReference>
         <TestableReference
            skipped = "NO">
            <BuildableReference
               BuildableIdentifier = "primary"
               BlueprintIdentifier = "6302A9B218DA8A9500B2D04F"
               BuildableName = "HoccerXO Tests.xctest"
               BlueprintName = "HoccerXO Tests"
               ReferencedContainer = "container:HoccerXO.xcodeproj">
            </BuildableReference>
         </TestableReference>
      </Testables>
      <MacroExpansion>
         <BuildableReference
            BuildableIdentifier = "primary"
            BlueprintIdentifier = "63AEE2D316CA4D0200522F92"
            BuildableName = "Hoccer XO.app"
            BlueprintName = "HoccerXO"
            ReferencedContainer = "container:HoccerXO.xcodeproj">
         </BuildableReference>
      </MacroExpansion>
   </TestAction>
   <LaunchAction
      selectedDebuggerIdentifier = "Xcode.DebuggerFoundation.Debugger.LLDB"
      selectedLauncherIdentifier = "Xcode.DebuggerFoundation.Launcher.LLDB"
      launchStyle = "0"
      useCustomWorkingDirectory = "NO"
      buildConfiguration = "Debug"
      ignoresPersistentStateOnLaunch = "NO"
      debugDocumentVersioning = "YES"
      allowLocationSimulation = "YES">
      <BuildableProductRunnable>
         <BuildableReference
            BuildableIdentifier = "primary"
            BlueprintIdentifier = "63AEE2D316CA4D0200522F92"
            BuildableName = "Hoccer XO.app"
            BlueprintName = "HoccerXO"
            ReferencedContainer = "container:HoccerXO.xcodeproj">
         </BuildableReference>
      </BuildableProductRunnable>
      <CommandLineArguments>
         <CommandLineArgument
            argument = "-com.apple.CoreData.SQLDebug 1"
            isEnabled = "NO">
         </CommandLineArgument>
         <CommandLineArgument
            argument = "-com.apple.CoreData.SQLDebug 3"
            isEnabled = "NO">
         </CommandLineArgument>
         <CommandLineArgument
            argument = "-use_elliptic_curves 1"
            isEnabled = "NO">
         </CommandLineArgument>
         <CommandLineArgument
            argument = "-com.apple.CoreData.SyntaxColoredLogging 1"
            isEnabled = "NO">
         </CommandLineArgument>
         <CommandLineArgument
            argument = "-com.apple.CoreData.SQLiteDebugSynchronous 1"
            isEnabled = "NO">
         </CommandLineArgument>
         <CommandLineArgument
            argument = "-com.apple.CoreData.MigrationDebug 1"
            isEnabled = "NO">
         </CommandLineArgument>
         <CommandLineArgument
            argument = "-com.apple.CoreData.SQLiteIntegrityCheck 1"
            isEnabled = "NO">
         </CommandLineArgument>
         <CommandLineArgument
            argument = "-com.apple.CoreData.ThreadingDebug 1"
            isEnabled = "NO">
         </CommandLineArgument>
         <CommandLineArgument
            argument = "-dumpRecordsForEntity HXOMessage"
            isEnabled = "NO">
         </CommandLineArgument>
         <CommandLineArgument
            argument = "-dumpRecordsForEntity Attachment"
            isEnabled = "NO">
         </CommandLineArgument>
         <CommandLineArgument
            argument = "-dumpRecordsForEntity Contact"
            isEnabled = "NO">
         </CommandLineArgument>
         <CommandLineArgument
            argument = "-dumpRecordsForEntity GroupMembership"
            isEnabled = "NO">
         </CommandLineArgument>
         <CommandLineArgument
            argument = "-dumpRecordsForEntity Group"
            isEnabled = "NO">
         </CommandLineArgument>
         <CommandLineArgument
            argument = "-attachmentVerbosity trace"
            isEnabled = "NO">
         </CommandLineArgument>
         <CommandLineArgument
            argument = "-attachmentVerbosity moretrace"
            isEnabled = "NO">
         </CommandLineArgument>
         <CommandLineArgument
            argument = "-cryptoEngineVerbosity trace"
            isEnabled = "NO">
         </CommandLineArgument>
         <CommandLineArgument
            argument = "-cryptingInputStreamVerbosity trace"
            isEnabled = "NO">
         </CommandLineArgument>
         <CommandLineArgument
            argument = "-defaultScreenShooting 1"
            isEnabled = "NO">
         </CommandLineArgument>
         <CommandLineArgument
            argument = "-jsonrpcverbosity dump"
            isEnabled = "NO">
         </CommandLineArgument>
         <CommandLineArgument
            argument = "-jsonrpcverbosity trace"
            isEnabled = "NO">
         </CommandLineArgument>
         <CommandLineArgument
            argument = "-environment development"
            isEnabled = "NO">
         </CommandLineArgument>
         <CommandLineArgument
            argument = "-dumpRecordsForEntity Group"
            isEnabled = "NO">
         </CommandLineArgument>
      </CommandLineArguments>
      <EnvironmentVariables>
         <EnvironmentVariable
            key = "MallocCheckHeapEach"
            value = "1"
            isEnabled = "NO">
         </EnvironmentVariable>
         <EnvironmentVariable
            key = "MallocStackLoggingNoCompact"
            value = "YES"
            isEnabled = "NO">
         </EnvironmentVariable>
         <EnvironmentVariable
            key = "MallocCheckHeapStart"
            value = "800000"
            isEnabled = "NO">
         </EnvironmentVariable>
         <EnvironmentVariable
            key = "MallocStackLogging"
            value = "YES"
            isEnabled = "NO">
         </EnvironmentVariable>
      </EnvironmentVariables>
      <AdditionalOptions>
      </AdditionalOptions>
   </LaunchAction>
   <ProfileAction
      shouldUseLaunchSchemeArgsEnv = "YES"
      savedToolIdentifier = ""
      useCustomWorkingDirectory = "NO"
      buildConfiguration = "Release"
      debugDocumentVersioning = "YES">
      <BuildableProductRunnable>
         <BuildableReference
            BuildableIdentifier = "primary"
            BlueprintIdentifier = "63AEE2D316CA4D0200522F92"
            BuildableName = "Hoccer XO.app"
            BlueprintName = "HoccerXO"
            ReferencedContainer = "container:HoccerXO.xcodeproj">
         </BuildableReference>
      </BuildableProductRunnable>
   </ProfileAction>
   <AnalyzeAction
      buildConfiguration = "Debug">
   </AnalyzeAction>
   <ArchiveAction
      buildConfiguration = "Release"
      revealArchiveInOrganizer = "YES">
   </ArchiveAction>
</Scheme>
