// !$*UTF8*$!
{
	archiveVersion = 1;
	classes = {
	};
	objectVersion = 46;
	objects = {

/* Begin PBXBuildFile section */
		630D9ED216E7CB94000CCA65 /* avatar_bezel.png in Resources */ = {isa = PBXBuildFile; fileRef = 630D9ED116E7CB94000CCA65 /* avatar_bezel.png */; };
		630D9EDE16E8CD1D000CCA65 /* hoccer-talk-app-icon.png in Resources */ = {isa = PBXBuildFile; fileRef = 630D9EDD16E8CD1C000CCA65 /* hoccer-talk-app-icon.png */; };
		630D9EE016E8CD25000CCA65 /* hoccer-talk-app-icon@2x.png in Resources */ = {isa = PBXBuildFile; fileRef = 630D9EDF16E8CD25000CCA65 /* hoccer-talk-app-icon@2x.png */; };
		6320D7C416DF620900E58478 /* ChatBackend.m in Sources */ = {isa = PBXBuildFile; fileRef = 6320D7C316DF620900E58478 /* ChatBackend.m */; };
		6320D7C716DF622E00E58478 /* DummyChatBackend.m in Sources */ = {isa = PBXBuildFile; fileRef = 6320D7C616DF622E00E58478 /* DummyChatBackend.m */; };
		6320D7CA16DFB9DD00E58478 /* SectionHeaderCell.m in Sources */ = {isa = PBXBuildFile; fileRef = 6320D7C916DFB9DD00E58478 /* SectionHeaderCell.m */; };
		6320D7CD16E0C79B00E58478 /* AvatarBezelView.m in Sources */ = {isa = PBXBuildFile; fileRef = 6320D7CC16E0C79A00E58478 /* AvatarBezelView.m */; };
		6320D7D016E4C0F500E58478 /* LeftMessageCell.m in Sources */ = {isa = PBXBuildFile; fileRef = 6320D7CF16E4C0F400E58478 /* LeftMessageCell.m */; };
		6320D7D316E4C11200E58478 /* RightMessageCell.m in Sources */ = {isa = PBXBuildFile; fileRef = 6320D7D216E4C11200E58478 /* RightMessageCell.m */; };
		6343B4E516CD604700B3A29E /* MessageCell.m in Sources */ = {isa = PBXBuildFile; fileRef = 6343B4E416CD604700B3A29E /* MessageCell.m */; };
		63477F4216CBAFF300FBAF62 /* AutoheightLabel.m in Sources */ = {isa = PBXBuildFile; fileRef = 63477F4116CBAFF300FBAF62 /* AutoheightLabel.m */; };
		63477F4516CBBF4B00FBAF62 /* ChatTableViewController.m in Sources */ = {isa = PBXBuildFile; fileRef = 63477F4416CBBF4B00FBAF62 /* ChatTableViewController.m */; };
		63540A9216E500D20087D24E /* BubbleView.m in Sources */ = {isa = PBXBuildFile; fileRef = 63540A9116E500D20087D24E /* BubbleView.m */; };
		63540A9816E61B880087D24E /* bubble-left.png in Resources */ = {isa = PBXBuildFile; fileRef = 63540A9416E61B880087D24E /* bubble-left.png */; };
		63540A9916E61B880087D24E /* bubble-left@2x.png in Resources */ = {isa = PBXBuildFile; fileRef = 63540A9516E61B880087D24E /* bubble-left@2x.png */; };
		63540A9A16E61B880087D24E /* bubble-right.png in Resources */ = {isa = PBXBuildFile; fileRef = 63540A9616E61B880087D24E /* bubble-right.png */; };
		63540A9B16E61B880087D24E /* bubble-right@2x.png in Resources */ = {isa = PBXBuildFile; fileRef = 63540A9716E61B880087D24E /* bubble-right@2x.png */; };
		63540A9D16E65A7B0087D24E /* chatbar_gradient.png in Resources */ = {isa = PBXBuildFile; fileRef = 63540A9C16E65A7B0087D24E /* chatbar_gradient.png */; };
		63540A9F16E6604E0087D24E /* chatbar_gradient@2x.png in Resources */ = {isa = PBXBuildFile; fileRef = 63540A9E16E6604E0087D24E /* chatbar_gradient@2x.png */; };
		63540AA216E662900087D24E /* schlumpf_schlumpfine.png in Resources */ = {isa = PBXBuildFile; fileRef = 63540AA016E662900087D24E /* schlumpf_schlumpfine.png */; };
		63540AA316E662900087D24E /* schlumpf_schlumpfine@2x.png in Resources */ = {isa = PBXBuildFile; fileRef = 63540AA116E662900087D24E /* schlumpf_schlumpfine@2x.png */; };
		63540AA616E6640D0087D24E /* schlumpf_papa.png in Resources */ = {isa = PBXBuildFile; fileRef = 63540AA416E6640D0087D24E /* schlumpf_papa.png */; };
		63540AA716E6640D0087D24E /* schlumpf_papa@2x.png in Resources */ = {isa = PBXBuildFile; fileRef = 63540AA516E6640D0087D24E /* schlumpf_papa@2x.png */; };
		63540AAA16E665AC0087D24E /* azrael.png in Resources */ = {isa = PBXBuildFile; fileRef = 63540AA816E665AC0087D24E /* azrael.png */; };
		63540AAB16E665AC0087D24E /* azrael@2x.png in Resources */ = {isa = PBXBuildFile; fileRef = 63540AA916E665AC0087D24E /* azrael@2x.png */; };
		63540AAE16E671710087D24E /* NonFloatingSectionHeaderTableView.m in Sources */ = {isa = PBXBuildFile; fileRef = 63540AAD16E671710087D24E /* NonFloatingSectionHeaderTableView.m */; };
		63AEE2D816CA4D0200522F92 /* UIKit.framework in Frameworks */ = {isa = PBXBuildFile; fileRef = 63AEE2D716CA4D0200522F92 /* UIKit.framework */; };
		63AEE2DA16CA4D0200522F92 /* Foundation.framework in Frameworks */ = {isa = PBXBuildFile; fileRef = 63AEE2D916CA4D0200522F92 /* Foundation.framework */; };
		63AEE2DC16CA4D0200522F92 /* CoreGraphics.framework in Frameworks */ = {isa = PBXBuildFile; fileRef = 63AEE2DB16CA4D0200522F92 /* CoreGraphics.framework */; };
		63AEE2DE16CA4D0200522F92 /* CoreData.framework in Frameworks */ = {isa = PBXBuildFile; fileRef = 63AEE2DD16CA4D0200522F92 /* CoreData.framework */; };
		63AEE2E416CA4D0200522F92 /* InfoPlist.strings in Resources */ = {isa = PBXBuildFile; fileRef = 63AEE2E216CA4D0200522F92 /* InfoPlist.strings */; };
		63AEE2E616CA4D0200522F92 /* main.m in Sources */ = {isa = PBXBuildFile; fileRef = 63AEE2E516CA4D0200522F92 /* main.m */; };
		63AEE2EA16CA4D0200522F92 /* AppDelegate.m in Sources */ = {isa = PBXBuildFile; fileRef = 63AEE2E916CA4D0200522F92 /* AppDelegate.m */; };
		63AEE2EC16CA4D0200522F92 /* Default.png in Resources */ = {isa = PBXBuildFile; fileRef = 63AEE2EB16CA4D0200522F92 /* Default.png */; };
		63AEE2EE16CA4D0300522F92 /* Default@2x.png in Resources */ = {isa = PBXBuildFile; fileRef = 63AEE2ED16CA4D0300522F92 /* Default@2x.png */; };
		63AEE2F016CA4D0300522F92 /* Default-568h@2x.png in Resources */ = {isa = PBXBuildFile; fileRef = 63AEE2EF16CA4D0300522F92 /* Default-568h@2x.png */; };
		63AEE2F316CA4D0300522F92 /* MainStoryboard_iPhone.storyboard in Resources */ = {isa = PBXBuildFile; fileRef = 63AEE2F116CA4D0300522F92 /* MainStoryboard_iPhone.storyboard */; };
		63AEE2F616CA4D0300522F92 /* MainStoryboard_iPad.storyboard in Resources */ = {isa = PBXBuildFile; fileRef = 63AEE2F416CA4D0300522F92 /* MainStoryboard_iPad.storyboard */; };
		63AEE2F916CA4D0300522F92 /* Hoccenger.xcdatamodeld in Sources */ = {isa = PBXBuildFile; fileRef = 63AEE2F716CA4D0300522F92 /* Hoccenger.xcdatamodeld */; };
		63AEE2FC16CA4D0300522F92 /* ContactListViewController.m in Sources */ = {isa = PBXBuildFile; fileRef = 63AEE2FB16CA4D0300522F92 /* ContactListViewController.m */; };
		63AEE2FF16CA4D0300522F92 /* ChatViewController.m in Sources */ = {isa = PBXBuildFile; fileRef = 63AEE2FE16CA4D0300522F92 /* ChatViewController.m */; };
		63AEE30816CA566B00522F92 /* Contact.m in Sources */ = {isa = PBXBuildFile; fileRef = 63AEE30716CA566B00522F92 /* Contact.m */; };
		63AEE30B16CA6B1900522F92 /* Message.m in Sources */ = {isa = PBXBuildFile; fileRef = 63AEE30A16CA6B1900522F92 /* Message.m */; };
		63D4916A16CAA1BC00FD395F /* UIButton+GlossyRounded.m in Sources */ = {isa = PBXBuildFile; fileRef = 63D4916916CAA1BC00FD395F /* UIButton+GlossyRounded.m */; };
		63D4916C16CAA26A00FD395F /* QuartzCore.framework in Frameworks */ = {isa = PBXBuildFile; fileRef = 63D4916B16CAA26A00FD395F /* QuartzCore.framework */; };
/* End PBXBuildFile section */

/* Begin PBXFileReference section */
		630D9ED116E7CB94000CCA65 /* avatar_bezel.png */ = {isa = PBXFileReference; lastKnownFileType = image.png; path = avatar_bezel.png; sourceTree = "<group>"; };
		630D9EDD16E8CD1C000CCA65 /* hoccer-talk-app-icon.png */ = {isa = PBXFileReference; lastKnownFileType = image.png; name = "hoccer-talk-app-icon.png"; path = "../hoccer-talk-app-icon.png"; sourceTree = "<group>"; };
		630D9EDF16E8CD25000CCA65 /* hoccer-talk-app-icon@2x.png */ = {isa = PBXFileReference; lastKnownFileType = image.png; name = "hoccer-talk-app-icon@2x.png"; path = "../hoccer-talk-app-icon@2x.png"; sourceTree = "<group>"; };
		6320D7C216DF620800E58478 /* ChatBackend.h */ = {isa = PBXFileReference; fileEncoding = 4; lastKnownFileType = sourcecode.c.h; path = ChatBackend.h; sourceTree = "<group>"; };
		6320D7C316DF620900E58478 /* ChatBackend.m */ = {isa = PBXFileReference; fileEncoding = 4; lastKnownFileType = sourcecode.c.objc; path = ChatBackend.m; sourceTree = "<group>"; };
		6320D7C516DF622D00E58478 /* DummyChatBackend.h */ = {isa = PBXFileReference; fileEncoding = 4; lastKnownFileType = sourcecode.c.h; path = DummyChatBackend.h; sourceTree = "<group>"; };
		6320D7C616DF622E00E58478 /* DummyChatBackend.m */ = {isa = PBXFileReference; fileEncoding = 4; lastKnownFileType = sourcecode.c.objc; path = DummyChatBackend.m; sourceTree = "<group>"; };
		6320D7C816DFB9DD00E58478 /* SectionHeaderCell.h */ = {isa = PBXFileReference; fileEncoding = 4; lastKnownFileType = sourcecode.c.h; path = SectionHeaderCell.h; sourceTree = "<group>"; };
		6320D7C916DFB9DD00E58478 /* SectionHeaderCell.m */ = {isa = PBXFileReference; fileEncoding = 4; lastKnownFileType = sourcecode.c.objc; path = SectionHeaderCell.m; sourceTree = "<group>"; };
		6320D7CB16E0C79A00E58478 /* AvatarBezelView.h */ = {isa = PBXFileReference; fileEncoding = 4; lastKnownFileType = sourcecode.c.h; path = AvatarBezelView.h; sourceTree = "<group>"; };
		6320D7CC16E0C79A00E58478 /* AvatarBezelView.m */ = {isa = PBXFileReference; fileEncoding = 4; lastKnownFileType = sourcecode.c.objc; path = AvatarBezelView.m; sourceTree = "<group>"; };
		6320D7CE16E4C0F400E58478 /* LeftMessageCell.h */ = {isa = PBXFileReference; fileEncoding = 4; lastKnownFileType = sourcecode.c.h; path = LeftMessageCell.h; sourceTree = "<group>"; };
		6320D7CF16E4C0F400E58478 /* LeftMessageCell.m */ = {isa = PBXFileReference; fileEncoding = 4; lastKnownFileType = sourcecode.c.objc; path = LeftMessageCell.m; sourceTree = "<group>"; };
		6320D7D116E4C11200E58478 /* RightMessageCell.h */ = {isa = PBXFileReference; fileEncoding = 4; lastKnownFileType = sourcecode.c.h; path = RightMessageCell.h; sourceTree = "<group>"; };
		6320D7D216E4C11200E58478 /* RightMessageCell.m */ = {isa = PBXFileReference; fileEncoding = 4; lastKnownFileType = sourcecode.c.objc; path = RightMessageCell.m; sourceTree = "<group>"; };
		6343B4E316CD604700B3A29E /* MessageCell.h */ = {isa = PBXFileReference; fileEncoding = 4; lastKnownFileType = sourcecode.c.h; path = MessageCell.h; sourceTree = "<group>"; };
		6343B4E416CD604700B3A29E /* MessageCell.m */ = {isa = PBXFileReference; fileEncoding = 4; lastKnownFileType = sourcecode.c.objc; path = MessageCell.m; sourceTree = "<group>"; };
		63477F4016CBAFF300FBAF62 /* AutoheightLabel.h */ = {isa = PBXFileReference; fileEncoding = 4; lastKnownFileType = sourcecode.c.h; path = AutoheightLabel.h; sourceTree = "<group>"; };
		63477F4116CBAFF300FBAF62 /* AutoheightLabel.m */ = {isa = PBXFileReference; fileEncoding = 4; lastKnownFileType = sourcecode.c.objc; path = AutoheightLabel.m; sourceTree = "<group>"; };
		63477F4316CBBF4B00FBAF62 /* ChatTableViewController.h */ = {isa = PBXFileReference; fileEncoding = 4; lastKnownFileType = sourcecode.c.h; path = ChatTableViewController.h; sourceTree = "<group>"; };
		63477F4416CBBF4B00FBAF62 /* ChatTableViewController.m */ = {isa = PBXFileReference; fileEncoding = 4; lastKnownFileType = sourcecode.c.objc; path = ChatTableViewController.m; sourceTree = "<group>"; };
		63540A9016E500D20087D24E /* BubbleView.h */ = {isa = PBXFileReference; fileEncoding = 4; lastKnownFileType = sourcecode.c.h; path = BubbleView.h; sourceTree = "<group>"; };
		63540A9116E500D20087D24E /* BubbleView.m */ = {isa = PBXFileReference; fileEncoding = 4; lastKnownFileType = sourcecode.c.objc; path = BubbleView.m; sourceTree = "<group>"; };
		63540A9416E61B880087D24E /* bubble-left.png */ = {isa = PBXFileReference; lastKnownFileType = image.png; path = "bubble-left.png"; sourceTree = "<group>"; };
		63540A9516E61B880087D24E /* bubble-left@2x.png */ = {isa = PBXFileReference; lastKnownFileType = image.png; path = "bubble-left@2x.png"; sourceTree = "<group>"; };
		63540A9616E61B880087D24E /* bubble-right.png */ = {isa = PBXFileReference; lastKnownFileType = image.png; path = "bubble-right.png"; sourceTree = "<group>"; };
		63540A9716E61B880087D24E /* bubble-right@2x.png */ = {isa = PBXFileReference; lastKnownFileType = image.png; path = "bubble-right@2x.png"; sourceTree = "<group>"; };
		63540A9C16E65A7B0087D24E /* chatbar_gradient.png */ = {isa = PBXFileReference; lastKnownFileType = image.png; path = chatbar_gradient.png; sourceTree = "<group>"; };
		63540A9E16E6604E0087D24E /* chatbar_gradient@2x.png */ = {isa = PBXFileReference; lastKnownFileType = image.png; path = "chatbar_gradient@2x.png"; sourceTree = "<group>"; };
		63540AA016E662900087D24E /* schlumpf_schlumpfine.png */ = {isa = PBXFileReference; lastKnownFileType = image.png; path = schlumpf_schlumpfine.png; sourceTree = "<group>"; };
		63540AA116E662900087D24E /* schlumpf_schlumpfine@2x.png */ = {isa = PBXFileReference; lastKnownFileType = image.png; path = "schlumpf_schlumpfine@2x.png"; sourceTree = "<group>"; };
		63540AA416E6640D0087D24E /* schlumpf_papa.png */ = {isa = PBXFileReference; lastKnownFileType = image.png; path = schlumpf_papa.png; sourceTree = "<group>"; };
		63540AA516E6640D0087D24E /* schlumpf_papa@2x.png */ = {isa = PBXFileReference; lastKnownFileType = image.png; path = "schlumpf_papa@2x.png"; sourceTree = "<group>"; };
		63540AA816E665AC0087D24E /* azrael.png */ = {isa = PBXFileReference; lastKnownFileType = image.png; path = azrael.png; sourceTree = "<group>"; };
		63540AA916E665AC0087D24E /* azrael@2x.png */ = {isa = PBXFileReference; lastKnownFileType = image.png; path = "azrael@2x.png"; sourceTree = "<group>"; };
		63540AAC16E671710087D24E /* NonFloatingSectionHeaderTableView.h */ = {isa = PBXFileReference; fileEncoding = 4; lastKnownFileType = sourcecode.c.h; path = NonFloatingSectionHeaderTableView.h; sourceTree = "<group>"; };
		63540AAD16E671710087D24E /* NonFloatingSectionHeaderTableView.m */ = {isa = PBXFileReference; fileEncoding = 4; lastKnownFileType = sourcecode.c.objc; path = NonFloatingSectionHeaderTableView.m; sourceTree = "<group>"; };
		63AEE2D416CA4D0200522F92 /* Hoccenger.app */ = {isa = PBXFileReference; explicitFileType = wrapper.application; includeInIndex = 0; path = Hoccenger.app; sourceTree = BUILT_PRODUCTS_DIR; };
		63AEE2D716CA4D0200522F92 /* UIKit.framework */ = {isa = PBXFileReference; lastKnownFileType = wrapper.framework; name = UIKit.framework; path = System/Library/Frameworks/UIKit.framework; sourceTree = SDKROOT; };
		63AEE2D916CA4D0200522F92 /* Foundation.framework */ = {isa = PBXFileReference; lastKnownFileType = wrapper.framework; name = Foundation.framework; path = System/Library/Frameworks/Foundation.framework; sourceTree = SDKROOT; };
		63AEE2DB16CA4D0200522F92 /* CoreGraphics.framework */ = {isa = PBXFileReference; lastKnownFileType = wrapper.framework; name = CoreGraphics.framework; path = System/Library/Frameworks/CoreGraphics.framework; sourceTree = SDKROOT; };
		63AEE2DD16CA4D0200522F92 /* CoreData.framework */ = {isa = PBXFileReference; lastKnownFileType = wrapper.framework; name = CoreData.framework; path = System/Library/Frameworks/CoreData.framework; sourceTree = SDKROOT; };
		63AEE2E116CA4D0200522F92 /* Hoccenger-Info.plist */ = {isa = PBXFileReference; lastKnownFileType = text.plist.xml; path = "Hoccenger-Info.plist"; sourceTree = "<group>"; };
		63AEE2E316CA4D0200522F92 /* en */ = {isa = PBXFileReference; lastKnownFileType = text.plist.strings; name = en; path = en.lproj/InfoPlist.strings; sourceTree = "<group>"; };
		63AEE2E516CA4D0200522F92 /* main.m */ = {isa = PBXFileReference; lastKnownFileType = sourcecode.c.objc; path = main.m; sourceTree = "<group>"; };
		63AEE2E716CA4D0200522F92 /* Hoccenger-Prefix.pch */ = {isa = PBXFileReference; lastKnownFileType = sourcecode.c.h; path = "Hoccenger-Prefix.pch"; sourceTree = "<group>"; };
		63AEE2E816CA4D0200522F92 /* AppDelegate.h */ = {isa = PBXFileReference; lastKnownFileType = sourcecode.c.h; path = AppDelegate.h; sourceTree = "<group>"; };
		63AEE2E916CA4D0200522F92 /* AppDelegate.m */ = {isa = PBXFileReference; lastKnownFileType = sourcecode.c.objc; path = AppDelegate.m; sourceTree = "<group>"; };
		63AEE2EB16CA4D0200522F92 /* Default.png */ = {isa = PBXFileReference; lastKnownFileType = image.png; path = Default.png; sourceTree = "<group>"; };
		63AEE2ED16CA4D0300522F92 /* Default@2x.png */ = {isa = PBXFileReference; lastKnownFileType = image.png; path = "Default@2x.png"; sourceTree = "<group>"; };
		63AEE2EF16CA4D0300522F92 /* Default-568h@2x.png */ = {isa = PBXFileReference; lastKnownFileType = image.png; path = "Default-568h@2x.png"; sourceTree = "<group>"; };
		63AEE2F216CA4D0300522F92 /* en */ = {isa = PBXFileReference; lastKnownFileType = file.storyboard; name = en; path = en.lproj/MainStoryboard_iPhone.storyboard; sourceTree = "<group>"; };
		63AEE2F516CA4D0300522F92 /* en */ = {isa = PBXFileReference; lastKnownFileType = file.storyboard; name = en; path = en.lproj/MainStoryboard_iPad.storyboard; sourceTree = "<group>"; };
		63AEE2F816CA4D0300522F92 /* Hoccenger.xcdatamodel */ = {isa = PBXFileReference; lastKnownFileType = wrapper.xcdatamodel; path = Hoccenger.xcdatamodel; sourceTree = "<group>"; };
		63AEE2FA16CA4D0300522F92 /* ContactListViewController.h */ = {isa = PBXFileReference; lastKnownFileType = sourcecode.c.h; path = ContactListViewController.h; sourceTree = "<group>"; };
		63AEE2FB16CA4D0300522F92 /* ContactListViewController.m */ = {isa = PBXFileReference; lastKnownFileType = sourcecode.c.objc; path = ContactListViewController.m; sourceTree = "<group>"; };
		63AEE2FD16CA4D0300522F92 /* ChatViewController.h */ = {isa = PBXFileReference; lastKnownFileType = sourcecode.c.h; path = ChatViewController.h; sourceTree = "<group>"; };
		63AEE2FE16CA4D0300522F92 /* ChatViewController.m */ = {isa = PBXFileReference; lastKnownFileType = sourcecode.c.objc; path = ChatViewController.m; sourceTree = "<group>"; };
		63AEE30616CA566B00522F92 /* Contact.h */ = {isa = PBXFileReference; fileEncoding = 4; lastKnownFileType = sourcecode.c.h; path = Contact.h; sourceTree = "<group>"; };
		63AEE30716CA566B00522F92 /* Contact.m */ = {isa = PBXFileReference; fileEncoding = 4; lastKnownFileType = sourcecode.c.objc; path = Contact.m; sourceTree = "<group>"; };
		63AEE30916CA6B1900522F92 /* Message.h */ = {isa = PBXFileReference; fileEncoding = 4; lastKnownFileType = sourcecode.c.h; path = Message.h; sourceTree = "<group>"; };
		63AEE30A16CA6B1900522F92 /* Message.m */ = {isa = PBXFileReference; fileEncoding = 4; lastKnownFileType = sourcecode.c.objc; path = Message.m; sourceTree = "<group>"; };
		63D4916816CAA1BC00FD395F /* UIButton+GlossyRounded.h */ = {isa = PBXFileReference; fileEncoding = 4; lastKnownFileType = sourcecode.c.h; path = "UIButton+GlossyRounded.h"; sourceTree = "<group>"; };
		63D4916916CAA1BC00FD395F /* UIButton+GlossyRounded.m */ = {isa = PBXFileReference; fileEncoding = 4; lastKnownFileType = sourcecode.c.objc; path = "UIButton+GlossyRounded.m"; sourceTree = "<group>"; };
		63D4916B16CAA26A00FD395F /* QuartzCore.framework */ = {isa = PBXFileReference; lastKnownFileType = wrapper.framework; name = QuartzCore.framework; path = System/Library/Frameworks/QuartzCore.framework; sourceTree = SDKROOT; };
/* End PBXFileReference section */

/* Begin PBXFrameworksBuildPhase section */
		63AEE2D116CA4D0200522F92 /* Frameworks */ = {
			isa = PBXFrameworksBuildPhase;
			buildActionMask = 2147483647;
			files = (
				63D4916C16CAA26A00FD395F /* QuartzCore.framework in Frameworks */,
				63AEE2D816CA4D0200522F92 /* UIKit.framework in Frameworks */,
				63AEE2DA16CA4D0200522F92 /* Foundation.framework in Frameworks */,
				63AEE2DC16CA4D0200522F92 /* CoreGraphics.framework in Frameworks */,
				63AEE2DE16CA4D0200522F92 /* CoreData.framework in Frameworks */,
			);
			runOnlyForDeploymentPostprocessing = 0;
		};
/* End PBXFrameworksBuildPhase section */

/* Begin PBXGroup section */
		63540A9316E61B420087D24E /* Assets */ = {
			isa = PBXGroup;
			children = (
				630D9ED116E7CB94000CCA65 /* avatar_bezel.png */,
				63540AA816E665AC0087D24E /* azrael.png */,
				63540AA916E665AC0087D24E /* azrael@2x.png */,
				63540AA416E6640D0087D24E /* schlumpf_papa.png */,
				63540AA516E6640D0087D24E /* schlumpf_papa@2x.png */,
				63540AA016E662900087D24E /* schlumpf_schlumpfine.png */,
				63540AA116E662900087D24E /* schlumpf_schlumpfine@2x.png */,
				63540A9E16E6604E0087D24E /* chatbar_gradient@2x.png */,
				63540A9416E61B880087D24E /* bubble-left.png */,
				63540A9516E61B880087D24E /* bubble-left@2x.png */,
				63540A9616E61B880087D24E /* bubble-right.png */,
				63540A9716E61B880087D24E /* bubble-right@2x.png */,
				63540A9C16E65A7B0087D24E /* chatbar_gradient.png */,
			);
			path = Assets;
			sourceTree = "<group>";
		};
		63AEE2CB16CA4D0200522F92 = {
			isa = PBXGroup;
			children = (
				63AEE2DF16CA4D0200522F92 /* Hoccenger */,
				63AEE2D616CA4D0200522F92 /* Frameworks */,
				63AEE2D516CA4D0200522F92 /* Products */,
			);
			sourceTree = "<group>";
		};
		63AEE2D516CA4D0200522F92 /* Products */ = {
			isa = PBXGroup;
			children = (
				63AEE2D416CA4D0200522F92 /* Hoccenger.app */,
			);
			name = Products;
			sourceTree = "<group>";
		};
		63AEE2D616CA4D0200522F92 /* Frameworks */ = {
			isa = PBXGroup;
			children = (
				63AEE2DD16CA4D0200522F92 /* CoreData.framework */,
				63AEE2DB16CA4D0200522F92 /* CoreGraphics.framework */,
				63AEE2D916CA4D0200522F92 /* Foundation.framework */,
				63D4916B16CAA26A00FD395F /* QuartzCore.framework */,
				63AEE2D716CA4D0200522F92 /* UIKit.framework */,
			);
			name = Frameworks;
			sourceTree = "<group>";
		};
		63AEE2DF16CA4D0200522F92 /* Hoccenger */ = {
			isa = PBXGroup;
			children = (
				63AEE2E816CA4D0200522F92 /* AppDelegate.h */,
				63AEE2E916CA4D0200522F92 /* AppDelegate.m */,
				63540A9316E61B420087D24E /* Assets */,
				6320D7C216DF620800E58478 /* ChatBackend.h */,
				6320D7C316DF620900E58478 /* ChatBackend.m */,
				63477F4316CBBF4B00FBAF62 /* ChatTableViewController.h */,
				63477F4416CBBF4B00FBAF62 /* ChatTableViewController.m */,
				63AEE2FD16CA4D0300522F92 /* ChatViewController.h */,
				63AEE2FE16CA4D0300522F92 /* ChatViewController.m */,
				63AEE2FA16CA4D0300522F92 /* ContactListViewController.h */,
				63AEE2FB16CA4D0300522F92 /* ContactListViewController.m */,
				6320D7C516DF622D00E58478 /* DummyChatBackend.h */,
				6320D7C616DF622E00E58478 /* DummyChatBackend.m */,
				63AEE2F716CA4D0300522F92 /* Hoccenger.xcdatamodeld */,
				63AEE2F416CA4D0300522F92 /* MainStoryboard_iPad.storyboard */,
				63AEE2F116CA4D0300522F92 /* MainStoryboard_iPhone.storyboard */,
				63AEE30516CA562F00522F92 /* Models */,
				63AEE2E016CA4D0200522F92 /* Supporting Files */,
				63D4916716CAA17D00FD395F /* Views */,
			);
			path = Hoccenger;
			sourceTree = "<group>";
		};
		63AEE2E016CA4D0200522F92 /* Supporting Files */ = {
			isa = PBXGroup;
			children = (
				630D9EDF16E8CD25000CCA65 /* hoccer-talk-app-icon@2x.png */,
				630D9EDD16E8CD1C000CCA65 /* hoccer-talk-app-icon.png */,
				63AEE2E116CA4D0200522F92 /* Hoccenger-Info.plist */,
				63AEE2E216CA4D0200522F92 /* InfoPlist.strings */,
				63AEE2E516CA4D0200522F92 /* main.m */,
				63AEE2E716CA4D0200522F92 /* Hoccenger-Prefix.pch */,
				63AEE2EB16CA4D0200522F92 /* Default.png */,
				63AEE2ED16CA4D0300522F92 /* Default@2x.png */,
				63AEE2EF16CA4D0300522F92 /* Default-568h@2x.png */,
			);
			name = "Supporting Files";
			sourceTree = "<group>";
		};
		63AEE30516CA562F00522F92 /* Models */ = {
			isa = PBXGroup;
			children = (
				63AEE30616CA566B00522F92 /* Contact.h */,
				63AEE30716CA566B00522F92 /* Contact.m */,
				63AEE30916CA6B1900522F92 /* Message.h */,
				63AEE30A16CA6B1900522F92 /* Message.m */,
			);
			path = Models;
			sourceTree = "<group>";
		};
		63D4916716CAA17D00FD395F /* Views */ = {
			isa = PBXGroup;
			children = (
				63477F4016CBAFF300FBAF62 /* AutoheightLabel.h */,
				63477F4116CBAFF300FBAF62 /* AutoheightLabel.m */,
				6320D7CB16E0C79A00E58478 /* AvatarBezelView.h */,
				6320D7CC16E0C79A00E58478 /* AvatarBezelView.m */,
				63540A9016E500D20087D24E /* BubbleView.h */,
				63540A9116E500D20087D24E /* BubbleView.m */,
				6320D7CE16E4C0F400E58478 /* LeftMessageCell.h */,
				6320D7CF16E4C0F400E58478 /* LeftMessageCell.m */,
				6343B4E316CD604700B3A29E /* MessageCell.h */,
				6343B4E416CD604700B3A29E /* MessageCell.m */,
				6320D7D116E4C11200E58478 /* RightMessageCell.h */,
				6320D7D216E4C11200E58478 /* RightMessageCell.m */,
				6320D7C816DFB9DD00E58478 /* SectionHeaderCell.h */,
				6320D7C916DFB9DD00E58478 /* SectionHeaderCell.m */,
				63D4916816CAA1BC00FD395F /* UIButton+GlossyRounded.h */,
				63D4916916CAA1BC00FD395F /* UIButton+GlossyRounded.m */,
				63540AAC16E671710087D24E /* NonFloatingSectionHeaderTableView.h */,
				63540AAD16E671710087D24E /* NonFloatingSectionHeaderTableView.m */,
			);
			path = Views;
			sourceTree = "<group>";
		};
/* End PBXGroup section */

/* Begin PBXNativeTarget section */
		63AEE2D316CA4D0200522F92 /* Hoccenger */ = {
			isa = PBXNativeTarget;
			buildConfigurationList = 63AEE30216CA4D0300522F92 /* Build configuration list for PBXNativeTarget "Hoccenger" */;
			buildPhases = (
				63AEE2D016CA4D0200522F92 /* Sources */,
				63AEE2D116CA4D0200522F92 /* Frameworks */,
				63AEE2D216CA4D0200522F92 /* Resources */,
			);
			buildRules = (
			);
			dependencies = (
			);
			name = Hoccenger;
			productName = Hoccenger;
			productReference = 63AEE2D416CA4D0200522F92 /* Hoccenger.app */;
			productType = "com.apple.product-type.application";
		};
/* End PBXNativeTarget section */

/* Begin PBXProject section */
		63AEE2CC16CA4D0200522F92 /* Project object */ = {
			isa = PBXProject;
			attributes = {
				LastUpgradeCheck = 0460;
				ORGANIZATIONNAME = "Hoccer GmbH";
			};
			buildConfigurationList = 63AEE2CF16CA4D0200522F92 /* Build configuration list for PBXProject "Hoccenger" */;
			compatibilityVersion = "Xcode 3.2";
			developmentRegion = English;
			hasScannedForEncodings = 0;
			knownRegions = (
				en,
			);
			mainGroup = 63AEE2CB16CA4D0200522F92;
			productRefGroup = 63AEE2D516CA4D0200522F92 /* Products */;
			projectDirPath = "";
			projectRoot = "";
			targets = (
				63AEE2D316CA4D0200522F92 /* Hoccenger */,
			);
		};
/* End PBXProject section */

/* Begin PBXResourcesBuildPhase section */
		63AEE2D216CA4D0200522F92 /* Resources */ = {
			isa = PBXResourcesBuildPhase;
			buildActionMask = 2147483647;
			files = (
				63AEE2E416CA4D0200522F92 /* InfoPlist.strings in Resources */,
				63AEE2EC16CA4D0200522F92 /* Default.png in Resources */,
				63AEE2EE16CA4D0300522F92 /* Default@2x.png in Resources */,
				63AEE2F016CA4D0300522F92 /* Default-568h@2x.png in Resources */,
				63AEE2F316CA4D0300522F92 /* MainStoryboard_iPhone.storyboard in Resources */,
				63AEE2F616CA4D0300522F92 /* MainStoryboard_iPad.storyboard in Resources */,
				63540A9816E61B880087D24E /* bubble-left.png in Resources */,
				63540A9916E61B880087D24E /* bubble-left@2x.png in Resources */,
				63540A9A16E61B880087D24E /* bubble-right.png in Resources */,
				63540A9B16E61B880087D24E /* bubble-right@2x.png in Resources */,
				63540A9D16E65A7B0087D24E /* chatbar_gradient.png in Resources */,
				63540A9F16E6604E0087D24E /* chatbar_gradient@2x.png in Resources */,
				63540AA216E662900087D24E /* schlumpf_schlumpfine.png in Resources */,
				63540AA316E662900087D24E /* schlumpf_schlumpfine@2x.png in Resources */,
				63540AA616E6640D0087D24E /* schlumpf_papa.png in Resources */,
				63540AA716E6640D0087D24E /* schlumpf_papa@2x.png in Resources */,
				63540AAA16E665AC0087D24E /* azrael.png in Resources */,
				63540AAB16E665AC0087D24E /* azrael@2x.png in Resources */,
				630D9ED216E7CB94000CCA65 /* avatar_bezel.png in Resources */,
				630D9EDE16E8CD1D000CCA65 /* hoccer-talk-app-icon.png in Resources */,
				630D9EE016E8CD25000CCA65 /* hoccer-talk-app-icon@2x.png in Resources */,
			);
			runOnlyForDeploymentPostprocessing = 0;
		};
/* End PBXResourcesBuildPhase section */

/* Begin PBXSourcesBuildPhase section */
		63AEE2D016CA4D0200522F92 /* Sources */ = {
			isa = PBXSourcesBuildPhase;
			buildActionMask = 2147483647;
			files = (
				63AEE2E616CA4D0200522F92 /* main.m in Sources */,
				63AEE2EA16CA4D0200522F92 /* AppDelegate.m in Sources */,
				63AEE2F916CA4D0300522F92 /* Hoccenger.xcdatamodeld in Sources */,
				63AEE2FC16CA4D0300522F92 /* ContactListViewController.m in Sources */,
				63AEE2FF16CA4D0300522F92 /* ChatViewController.m in Sources */,
				63AEE30816CA566B00522F92 /* Contact.m in Sources */,
				63AEE30B16CA6B1900522F92 /* Message.m in Sources */,
				63D4916A16CAA1BC00FD395F /* UIButton+GlossyRounded.m in Sources */,
				63477F4216CBAFF300FBAF62 /* AutoheightLabel.m in Sources */,
				63477F4516CBBF4B00FBAF62 /* ChatTableViewController.m in Sources */,
				6343B4E516CD604700B3A29E /* MessageCell.m in Sources */,
				6320D7C416DF620900E58478 /* ChatBackend.m in Sources */,
				6320D7C716DF622E00E58478 /* DummyChatBackend.m in Sources */,
				6320D7CA16DFB9DD00E58478 /* SectionHeaderCell.m in Sources */,
				6320D7CD16E0C79B00E58478 /* AvatarBezelView.m in Sources */,
				6320D7D016E4C0F500E58478 /* LeftMessageCell.m in Sources */,
				6320D7D316E4C11200E58478 /* RightMessageCell.m in Sources */,
				63540A9216E500D20087D24E /* BubbleView.m in Sources */,
				63540AAE16E671710087D24E /* NonFloatingSectionHeaderTableView.m in Sources */,
			);
			runOnlyForDeploymentPostprocessing = 0;
		};
/* End PBXSourcesBuildPhase section */

/* Begin PBXVariantGroup section */
		63AEE2E216CA4D0200522F92 /* InfoPlist.strings */ = {
			isa = PBXVariantGroup;
			children = (
				63AEE2E316CA4D0200522F92 /* en */,
			);
			name = InfoPlist.strings;
			sourceTree = "<group>";
		};
		63AEE2F116CA4D0300522F92 /* MainStoryboard_iPhone.storyboard */ = {
			isa = PBXVariantGroup;
			children = (
				63AEE2F216CA4D0300522F92 /* en */,
			);
			name = MainStoryboard_iPhone.storyboard;
			sourceTree = "<group>";
		};
		63AEE2F416CA4D0300522F92 /* MainStoryboard_iPad.storyboard */ = {
			isa = PBXVariantGroup;
			children = (
				63AEE2F516CA4D0300522F92 /* en */,
			);
			name = MainStoryboard_iPad.storyboard;
			sourceTree = "<group>";
		};
/* End PBXVariantGroup section */

/* Begin XCBuildConfiguration section */
		63AEE30016CA4D0300522F92 /* Debug */ = {
			isa = XCBuildConfiguration;
			buildSettings = {
				ALWAYS_SEARCH_USER_PATHS = NO;
				CLANG_CXX_LANGUAGE_STANDARD = "gnu++0x";
				CLANG_CXX_LIBRARY = "libc++";
				CLANG_ENABLE_OBJC_ARC = YES;
				CLANG_WARN_CONSTANT_CONVERSION = YES;
				CLANG_WARN_EMPTY_BODY = YES;
				CLANG_WARN_ENUM_CONVERSION = YES;
				CLANG_WARN_INT_CONVERSION = YES;
				CLANG_WARN__DUPLICATE_METHOD_MATCH = YES;
				"CODE_SIGN_IDENTITY[sdk=iphoneos*]" = "iPhone Developer";
				COPY_PHASE_STRIP = NO;
				GCC_C_LANGUAGE_STANDARD = gnu99;
				GCC_DYNAMIC_NO_PIC = NO;
				GCC_OPTIMIZATION_LEVEL = 0;
				GCC_PREPROCESSOR_DEFINITIONS = (
					"DEBUG=1",
					"$(inherited)",
				);
				GCC_SYMBOLS_PRIVATE_EXTERN = NO;
				GCC_WARN_ABOUT_RETURN_TYPE = YES;
				GCC_WARN_UNINITIALIZED_AUTOS = YES;
				GCC_WARN_UNUSED_VARIABLE = YES;
				IPHONEOS_DEPLOYMENT_TARGET = 6.1;
				ONLY_ACTIVE_ARCH = YES;
				SDKROOT = iphoneos;
				TARGETED_DEVICE_FAMILY = "1,2";
			};
			name = Debug;
		};
		63AEE30116CA4D0300522F92 /* Release */ = {
			isa = XCBuildConfiguration;
			buildSettings = {
				ALWAYS_SEARCH_USER_PATHS = NO;
				CLANG_CXX_LANGUAGE_STANDARD = "gnu++0x";
				CLANG_CXX_LIBRARY = "libc++";
				CLANG_ENABLE_OBJC_ARC = YES;
				CLANG_WARN_CONSTANT_CONVERSION = YES;
				CLANG_WARN_EMPTY_BODY = YES;
				CLANG_WARN_ENUM_CONVERSION = YES;
				CLANG_WARN_INT_CONVERSION = YES;
				CLANG_WARN__DUPLICATE_METHOD_MATCH = YES;
				"CODE_SIGN_IDENTITY[sdk=iphoneos*]" = "iPhone Developer";
				COPY_PHASE_STRIP = YES;
				GCC_C_LANGUAGE_STANDARD = gnu99;
				GCC_WARN_ABOUT_RETURN_TYPE = YES;
				GCC_WARN_UNINITIALIZED_AUTOS = YES;
				GCC_WARN_UNUSED_VARIABLE = YES;
				IPHONEOS_DEPLOYMENT_TARGET = 6.1;
				OTHER_CFLAGS = "-DNS_BLOCK_ASSERTIONS=1";
				SDKROOT = iphoneos;
				TARGETED_DEVICE_FAMILY = "1,2";
				VALIDATE_PRODUCT = YES;
			};
			name = Release;
		};
		63AEE30316CA4D0300522F92 /* Debug */ = {
			isa = XCBuildConfiguration;
			buildSettings = {
				GCC_PRECOMPILE_PREFIX_HEADER = YES;
				GCC_PREFIX_HEADER = "Hoccenger/Hoccenger-Prefix.pch";
				INFOPLIST_FILE = "Hoccenger/Hoccenger-Info.plist";
				PRODUCT_NAME = "$(TARGET_NAME)";
				WRAPPER_EXTENSION = app;
			};
			name = Debug;
		};
		63AEE30416CA4D0300522F92 /* Release */ = {
			isa = XCBuildConfiguration;
			buildSettings = {
				GCC_PRECOMPILE_PREFIX_HEADER = YES;
				GCC_PREFIX_HEADER = "Hoccenger/Hoccenger-Prefix.pch";
				INFOPLIST_FILE = "Hoccenger/Hoccenger-Info.plist";
				PRODUCT_NAME = "$(TARGET_NAME)";
				WRAPPER_EXTENSION = app;
			};
			name = Release;
		};
/* End XCBuildConfiguration section */

/* Begin XCConfigurationList section */
		63AEE2CF16CA4D0200522F92 /* Build configuration list for PBXProject "Hoccenger" */ = {
			isa = XCConfigurationList;
			buildConfigurations = (
				63AEE30016CA4D0300522F92 /* Debug */,
				63AEE30116CA4D0300522F92 /* Release */,
			);
			defaultConfigurationIsVisible = 0;
			defaultConfigurationName = Release;
		};
		63AEE30216CA4D0300522F92 /* Build configuration list for PBXNativeTarget "Hoccenger" */ = {
			isa = XCConfigurationList;
			buildConfigurations = (
				63AEE30316CA4D0300522F92 /* Debug */,
				63AEE30416CA4D0300522F92 /* Release */,
			);
			defaultConfigurationIsVisible = 0;
			defaultConfigurationName = Release;
		};
/* End XCConfigurationList section */

/* Begin XCVersionGroup section */
		63AEE2F716CA4D0300522F92 /* Hoccenger.xcdatamodeld */ = {
			isa = XCVersionGroup;
			children = (
				63AEE2F816CA4D0300522F92 /* Hoccenger.xcdatamodel */,
			);
			currentVersion = 63AEE2F816CA4D0300522F92 /* Hoccenger.xcdatamodel */;
			path = Hoccenger.xcdatamodeld;
			sourceTree = "<group>";
			versionGroupType = wrapper.xcdatamodel;
		};
/* End XCVersionGroup section */
	};
	rootObject = 63AEE2CC16CA4D0200522F92 /* Project object */;
}
